
Microsoft Visual Studio Solution File, Format Version 10.00
# Visual Studio 2008
Project("{FAE04EC0-301F-11D3-BF4B-00C04F79EFBC}") = "App", "App\App.csproj", "{CE6AFB2E-91D4-4772-8174-16949D4E7190}"
EndProject
Project("{FAE04EC0-301F-11D3-BF4B-00C04F79EFBC}") = "Tests", "Tests\Tests.csproj", "{715FE4E0-42E8-4E6B-A62D-25563767145B}"
EndProject
Global
	GlobalSection(SolutionConfigurationPlatforms) = preSolution
		Debug|Any CPU = Debug|Any CPU
		Release|Any CPU = Release|Any CPU
	EndGlobalSection
	GlobalSection(ProjectConfigurationPlatforms) = postSolution
		{CE6AFB2E-91D4-4772-8174-16949D4E7190}.Debug|Any CPU.ActiveCfg = Debug|Any CPU
		{CE6AFB2E-91D4-4772-8174-16949D4E7190}.Debug|Any CPU.Build.0 = Debug|Any CPU
		{CE6AFB2E-91D4-4772-8174-16949D4E7190}.Release|Any CPU.ActiveCfg = Release|Any CPU
		{CE6AFB2E-91D4-4772-8174-16949D4E7190}.Release|Any CPU.Build.0 = Release|Any CPU
		{715FE4E0-42E8-4E6B-A62D-25563767145B}.Debug|Any CPU.ActiveCfg = Debug|Any CPU
		{715FE4E0-42E8-4E6B-A62D-25563767145B}.Debug|Any CPU.Build.0 = Debug|Any CPU
		{715FE4E0-42E8-4E6B-A62D-25563767145B}.Release|Any CPU.ActiveCfg = Release|Any CPU
		{715FE4E0-42E8-4E6B-A62D-25563767145B}.Release|Any CPU.Build.0 = Release|Any CPU
	EndGlobalSection
	GlobalSection(SolutionProperties) = preSolution
		HideSolutionNode = FALSE
	EndGlobalSection
EndGlobal
